
Microsoft Visual Studio Solution File, Format Version 12.00
# Visual Studio Version 16
VisualStudioVersion = 16.0.31515.178
MinimumVisualStudioVersion = 10.0.40219.1
Project("{FAE04EC0-301F-11D3-BF4B-00C04F79EFBC}") = "CommentService", "CommentService\CommentService.csproj", "{C2DA1F4B-062B-48DE-9303-CF9CEB46131F}"
EndProject
Global
	GlobalSection(SolutionConfigurationPlatforms) = preSolution
		Debug|Any CPU = Debug|Any CPU
		Release|Any CPU = Release|Any CPU
	EndGlobalSection
	GlobalSection(ProjectConfigurationPlatforms) = postSolution
		{C2DA1F4B-062B-48DE-9303-CF9CEB46131F}.Debug|Any CPU.ActiveCfg = Debug|Any CPU
		{C2DA1F4B-062B-48DE-9303-CF9CEB46131F}.Debug|Any CPU.Build.0 = Debug|Any CPU
		{C2DA1F4B-062B-48DE-9303-CF9CEB46131F}.Release|Any CPU.ActiveCfg = Release|Any CPU
		{C2DA1F4B-062B-48DE-9303-CF9CEB46131F}.Release|Any CPU.Build.0 = Release|Any CPU
	EndGlobalSection
	GlobalSection(SolutionProperties) = preSolution
		HideSolutionNode = FALSE
	EndGlobalSection
	GlobalSection(ExtensibilityGlobals) = postSolution
		SolutionGuid = {A5456A70-F5D6-4482-B370-1B3D187A06AF}
	EndGlobalSection
EndGlobal
