
Microsoft Visual Studio Solution File, Format Version 12.00
# Visual Studio Version 16
VisualStudioVersion = 16.0.31729.503
MinimumVisualStudioVersion = 10.0.40219.1
Project("{FAE04EC0-301F-11D3-BF4B-00C04F79EFBC}") = "PictureService", "PictureService\PictureService.csproj", "{2DA5C5F8-AF9B-4AF7-AF98-D8F2CD82EA80}"
EndProject
Global
	GlobalSection(SolutionConfigurationPlatforms) = preSolution
		Debug|Any CPU = Debug|Any CPU
		Release|Any CPU = Release|Any CPU
	EndGlobalSection
	GlobalSection(ProjectConfigurationPlatforms) = postSolution
		{2DA5C5F8-AF9B-4AF7-AF98-D8F2CD82EA80}.Debug|Any CPU.ActiveCfg = Debug|Any CPU
		{2DA5C5F8-AF9B-4AF7-AF98-D8F2CD82EA80}.Debug|Any CPU.Build.0 = Debug|Any CPU
		{2DA5C5F8-AF9B-4AF7-AF98-D8F2CD82EA80}.Release|Any CPU.ActiveCfg = Release|Any CPU
		{2DA5C5F8-AF9B-4AF7-AF98-D8F2CD82EA80}.Release|Any CPU.Build.0 = Release|Any CPU
	EndGlobalSection
	GlobalSection(SolutionProperties) = preSolution
		HideSolutionNode = FALSE
	EndGlobalSection
	GlobalSection(ExtensibilityGlobals) = postSolution
		SolutionGuid = {7E2F7CC9-79F0-4ED0-A2A7-DE8BC72A073F}
	EndGlobalSection
EndGlobal
