
Microsoft Visual Studio Solution File, Format Version 12.00
# Visual Studio Version 16
VisualStudioVersion = 16.0.30621.155
MinimumVisualStudioVersion = 10.0.40219.1
Project("{FAE04EC0-301F-11D3-BF4B-00C04F79EFBC}") = "LoggerService", "LoggerService\LoggerService.csproj", "{EDAC8189-2D4E-41C7-ACBB-4D5B0F91519D}"
EndProject
Global
	GlobalSection(SolutionConfigurationPlatforms) = preSolution
		Debug|Any CPU = Debug|Any CPU
		Release|Any CPU = Release|Any CPU
	EndGlobalSection
	GlobalSection(ProjectConfigurationPlatforms) = postSolution
		{EDAC8189-2D4E-41C7-ACBB-4D5B0F91519D}.Debug|Any CPU.ActiveCfg = Debug|Any CPU
		{EDAC8189-2D4E-41C7-ACBB-4D5B0F91519D}.Debug|Any CPU.Build.0 = Debug|Any CPU
		{EDAC8189-2D4E-41C7-ACBB-4D5B0F91519D}.Release|Any CPU.ActiveCfg = Release|Any CPU
		{EDAC8189-2D4E-41C7-ACBB-4D5B0F91519D}.Release|Any CPU.Build.0 = Release|Any CPU
	EndGlobalSection
	GlobalSection(SolutionProperties) = preSolution
		HideSolutionNode = FALSE
	EndGlobalSection
	GlobalSection(ExtensibilityGlobals) = postSolution
		SolutionGuid = {985B7B94-CD49-40DB-B077-996E292E596C}
	EndGlobalSection
EndGlobal
