
Microsoft Visual Studio Solution File, Format Version 12.00
# Visual Studio Version 16
VisualStudioVersion = 16.0.31729.503
MinimumVisualStudioVersion = 10.0.40219.1
Project("{9A19103F-16F7-4668-BE54-9A1E7A4F7556}") = "BlockService", "BlockService\BlockService.csproj", "{37A9C88E-73E2-4458-BCC6-1694DC3B8969}"
EndProject
Global
	GlobalSection(SolutionConfigurationPlatforms) = preSolution
		Debug|Any CPU = Debug|Any CPU
		Release|Any CPU = Release|Any CPU
	EndGlobalSection
	GlobalSection(ProjectConfigurationPlatforms) = postSolution
		{37A9C88E-73E2-4458-BCC6-1694DC3B8969}.Debug|Any CPU.ActiveCfg = Debug|Any CPU
		{37A9C88E-73E2-4458-BCC6-1694DC3B8969}.Debug|Any CPU.Build.0 = Debug|Any CPU
		{37A9C88E-73E2-4458-BCC6-1694DC3B8969}.Release|Any CPU.ActiveCfg = Release|Any CPU
		{37A9C88E-73E2-4458-BCC6-1694DC3B8969}.Release|Any CPU.Build.0 = Release|Any CPU
	EndGlobalSection
	GlobalSection(SolutionProperties) = preSolution
		HideSolutionNode = FALSE
	EndGlobalSection
	GlobalSection(ExtensibilityGlobals) = postSolution
		SolutionGuid = {CEC4643E-459A-4D3E-9F54-0DB35512C19C}
	EndGlobalSection
EndGlobal
